// !$*UTF8*$!
{
	archiveVersion = 1;
	classes = {
	};
	objectVersion = 77;
	objects = {

/* Begin PBXBuildFile section */
		33076D622F05D583003AA3C1 /* FirebaseAuth in Frameworks */ = {isa = PBXBuildFile; productRef = 33076D612F05D583003AA3C1 /* FirebaseAuth */; };
		33076D642F05D583003AA3C1 /* FirebaseFirestore in Frameworks */ = {isa = PBXBuildFile; productRef = 33076D632F05D583003AA3C1 /* FirebaseFirestore */; };
		33076D662F05D583003AA3C1 /* FirebaseMessaging in Frameworks */ = {isa = PBXBuildFile; productRef = 33076D652F05D583003AA3C1 /* FirebaseMessaging */; };
		33076EB92F0B4CEA003AA3C1 /* FirebaseAnalytics in Frameworks */ = {isa = PBXBuildFile; productRef = 33076EB82F0B4CEA003AA3C1 /* FirebaseAnalytics */; };
		33076EE32F0B86CD003AA3C1 /* PhysiqueProgressNotificationService.appex in Embed Foundation Extensions */ = {isa = PBXBuildFile; fileRef = 33076EDC2F0B86CD003AA3C1 /* PhysiqueProgressNotificationService.appex */; settings = {ATTRIBUTES = (RemoveHeadersOnCopy, ); }; };
		33E235052F1AA128003F2ACD /* WidgetKit.framework in Frameworks */ = {isa = PBXBuildFile; fileRef = 33E234EB2F1AA0D8003F2ACD /* WidgetKit.framework */; };
		33E235062F1AA128003F2ACD /* SwiftUI.framework in Frameworks */ = {isa = PBXBuildFile; fileRef = 33E234ED2F1AA0D9003F2ACD /* SwiftUI.framework */; };
		33E235132F1AA129003F2ACD /* PhysiqueWidgetExtension.appex in Embed Foundation Extensions */ = {isa = PBXBuildFile; fileRef = 33E235042F1AA128003F2ACD /* PhysiqueWidgetExtension.appex */; settings = {ATTRIBUTES = (RemoveHeadersOnCopy, ); }; };
/* End PBXBuildFile section */

/* Begin PBXContainerItemProxy section */
		33076EE12F0B86CD003AA3C1 /* PBXContainerItemProxy */ = {
			isa = PBXContainerItemProxy;
			containerPortal = 33076D312F059069003AA3C1 /* Project object */;
			proxyType = 1;
			remoteGlobalIDString = 33076EDB2F0B86CD003AA3C1;
			remoteInfo = PhysiqueProgressNotificationService;
		};
		33E235112F1AA129003F2ACD /* PBXContainerItemProxy */ = {
			isa = PBXContainerItemProxy;
			containerPortal = 33076D312F059069003AA3C1 /* Project object */;
			proxyType = 1;
			remoteGlobalIDString = 33E235032F1AA128003F2ACD;
			remoteInfo = PhysiqueWidgetExtension;
		};
/* End PBXContainerItemProxy section */

/* Begin PBXCopyFilesBuildPhase section */
		33076EE82F0B86CE003AA3C1 /* Embed Foundation Extensions */ = {
			isa = PBXCopyFilesBuildPhase;
			buildActionMask = 2147483647;
			dstPath = "";
			dstSubfolderSpec = 13;
			files = (
				33076EE32F0B86CD003AA3C1 /* PhysiqueProgressNotificationService.appex in Embed Foundation Extensions */,
				33E235132F1AA129003F2ACD /* PhysiqueWidgetExtension.appex in Embed Foundation Extensions */,
			);
			name = "Embed Foundation Extensions";
			runOnlyForDeploymentPostprocessing = 0;
		};
/* End PBXCopyFilesBuildPhase section */

/* Begin PBXFileReference section */
		33076D392F059069003AA3C1 /* PhysiqueProgress.app */ = {isa = PBXFileReference; explicitFileType = wrapper.application; includeInIndex = 0; path = PhysiqueProgress.app; sourceTree = BUILT_PRODUCTS_DIR; };
		33076EDC2F0B86CD003AA3C1 /* PhysiqueProgressNotificationService.appex */ = {isa = PBXFileReference; explicitFileType = "wrapper.app-extension"; includeInIndex = 0; path = PhysiqueProgressNotificationService.appex; sourceTree = BUILT_PRODUCTS_DIR; };
		33E234EB2F1AA0D8003F2ACD /* WidgetKit.framework */ = {isa = PBXFileReference; lastKnownFileType = wrapper.framework; name = WidgetKit.framework; path = System/Library/Frameworks/WidgetKit.framework; sourceTree = SDKROOT; };
		33E234ED2F1AA0D9003F2ACD /* SwiftUI.framework */ = {isa = PBXFileReference; lastKnownFileType = wrapper.framework; name = SwiftUI.framework; path = System/Library/Frameworks/SwiftUI.framework; sourceTree = SDKROOT; };
		33E235042F1AA128003F2ACD /* PhysiqueWidgetExtension.appex */ = {isa = PBXFileReference; explicitFileType = "wrapper.app-extension"; includeInIndex = 0; path = PhysiqueWidgetExtension.appex; sourceTree = BUILT_PRODUCTS_DIR; };
		33E235182F1AA44D003F2ACD /* PhysiqueWidgetExtension.entitlements */ = {isa = PBXFileReference; lastKnownFileType = text.plist.entitlements; path = PhysiqueWidgetExtension.entitlements; sourceTree = "<group>"; };
/* End PBXFileReference section */

/* Begin PBXFileSystemSynchronizedBuildFileExceptionSet section */
		33076D4B2F05906A003AA3C1 /* Exceptions for "PhysiqueProgress" folder in "PhysiqueProgress" target */ = {
			isa = PBXFileSystemSynchronizedBuildFileExceptionSet;
			membershipExceptions = (
				Info.plist,
			);
			target = 33076D382F059069003AA3C1 /* PhysiqueProgress */;
		};
		33076EE72F0B86CE003AA3C1 /* Exceptions for "PhysiqueProgressNotificationService" folder in "PhysiqueProgressNotificationService" target */ = {
			isa = PBXFileSystemSynchronizedBuildFileExceptionSet;
			membershipExceptions = (
				Info.plist,
			);
			target = 33076EDB2F0B86CD003AA3C1 /* PhysiqueProgressNotificationService */;
		};
		33E235172F1AA129003F2ACD /* Exceptions for "PhysiqueWidget" folder in "PhysiqueWidgetExtension" target */ = {
			isa = PBXFileSystemSynchronizedBuildFileExceptionSet;
			membershipExceptions = (
				Info.plist,
			);
			target = 33E235032F1AA128003F2ACD /* PhysiqueWidgetExtension */;
		};
/* End PBXFileSystemSynchronizedBuildFileExceptionSet section */

/* Begin PBXFileSystemSynchronizedRootGroup section */
		33076D3B2F059069003AA3C1 /* PhysiqueProgress */ = {
			isa = PBXFileSystemSynchronizedRootGroup;
			exceptions = (
				33076D4B2F05906A003AA3C1 /* Exceptions for "PhysiqueProgress" folder in "PhysiqueProgress" target */,
			);
			path = PhysiqueProgress;
			sourceTree = "<group>";
		};
		33076EDD2F0B86CD003AA3C1 /* PhysiqueProgressNotificationService */ = {
			isa = PBXFileSystemSynchronizedRootGroup;
			exceptions = (
				33076EE72F0B86CE003AA3C1 /* Exceptions for "PhysiqueProgressNotificationService" folder in "PhysiqueProgressNotificationService" target */,
			);
			path = PhysiqueProgressNotificationService;
			sourceTree = "<group>";
		};
		33E235072F1AA128003F2ACD /* PhysiqueWidget */ = {
			isa = PBXFileSystemSynchronizedRootGroup;
			exceptions = (
				33E235172F1AA129003F2ACD /* Exceptions for "PhysiqueWidget" folder in "PhysiqueWidgetExtension" target */,
			);
			path = PhysiqueWidget;
			sourceTree = "<group>";
		};
/* End PBXFileSystemSynchronizedRootGroup section */

/* Begin PBXFrameworksBuildPhase section */
		33076D362F059069003AA3C1 /* Frameworks */ = {
			isa = PBXFrameworksBuildPhase;
			buildActionMask = 2147483647;
			files = (
				33076D662F05D583003AA3C1 /* FirebaseMessaging in Frameworks */,
				33076D622F05D583003AA3C1 /* FirebaseAuth in Frameworks */,
				33076EB92F0B4CEA003AA3C1 /* FirebaseAnalytics in Frameworks */,
				33076D642F05D583003AA3C1 /* FirebaseFirestore in Frameworks */,
			);
			runOnlyForDeploymentPostprocessing = 0;
		};
		33076ED92F0B86CD003AA3C1 /* Frameworks */ = {
			isa = PBXFrameworksBuildPhase;
			buildActionMask = 2147483647;
			files = (
			);
			runOnlyForDeploymentPostprocessing = 0;
		};
		33E235012F1AA128003F2ACD /* Frameworks */ = {
			isa = PBXFrameworksBuildPhase;
			buildActionMask = 2147483647;
			files = (
				33E235062F1AA128003F2ACD /* SwiftUI.framework in Frameworks */,
				33E235052F1AA128003F2ACD /* WidgetKit.framework in Frameworks */,
			);
			runOnlyForDeploymentPostprocessing = 0;
		};
/* End PBXFrameworksBuildPhase section */

/* Begin PBXGroup section */
		33076D302F059069003AA3C1 = {
			isa = PBXGroup;
			children = (
				33E235182F1AA44D003F2ACD /* PhysiqueWidgetExtension.entitlements */,
				33076D3B2F059069003AA3C1 /* PhysiqueProgress */,
				33076EDD2F0B86CD003AA3C1 /* PhysiqueProgressNotificationService */,
				33E235072F1AA128003F2ACD /* PhysiqueWidget */,
				33E234EA2F1AA0D8003F2ACD /* Frameworks */,
				33076D3A2F059069003AA3C1 /* Products */,
			);
			sourceTree = "<group>";
		};
		33076D3A2F059069003AA3C1 /* Products */ = {
			isa = PBXGroup;
			children = (
				33076D392F059069003AA3C1 /* PhysiqueProgress.app */,
				33076EDC2F0B86CD003AA3C1 /* PhysiqueProgressNotificationService.appex */,
				33E235042F1AA128003F2ACD /* PhysiqueWidgetExtension.appex */,
			);
			name = Products;
			sourceTree = "<group>";
		};
		33E234EA2F1AA0D8003F2ACD /* Frameworks */ = {
			isa = PBXGroup;
			children = (
				33E234EB2F1AA0D8003F2ACD /* WidgetKit.framework */,
				33E234ED2F1AA0D9003F2ACD /* SwiftUI.framework */,
			);
			name = Frameworks;
			sourceTree = "<group>";
		};
/* End PBXGroup section */

/* Begin PBXNativeTarget section */
		33076D382F059069003AA3C1 /* PhysiqueProgress */ = {
			isa = PBXNativeTarget;
			buildConfigurationList = 33076D4C2F05906A003AA3C1 /* Build configuration list for PBXNativeTarget "PhysiqueProgress" */;
			buildPhases = (
				33076D352F059069003AA3C1 /* Sources */,
				33076D362F059069003AA3C1 /* Frameworks */,
				33076D372F059069003AA3C1 /* Resources */,
				33076EE82F0B86CE003AA3C1 /* Embed Foundation Extensions */,
			);
			buildRules = (
			);
			dependencies = (
				33076EE22F0B86CD003AA3C1 /* PBXTargetDependency */,
				33E235122F1AA129003F2ACD /* PBXTargetDependency */,
			);
			fileSystemSynchronizedGroups = (
				33076D3B2F059069003AA3C1 /* PhysiqueProgress */,
			);
			name = PhysiqueProgress;
			packageProductDependencies = (
				33076D612F05D583003AA3C1 /* FirebaseAuth */,
				33076D632F05D583003AA3C1 /* FirebaseFirestore */,
				33076D652F05D583003AA3C1 /* FirebaseMessaging */,
				33076EB82F0B4CEA003AA3C1 /* FirebaseAnalytics */,
			);
			productName = PhysiqueProgress;
			productReference = 33076D392F059069003AA3C1 /* PhysiqueProgress.app */;
			productType = "com.apple.product-type.application";
		};
		33076EDB2F0B86CD003AA3C1 /* PhysiqueProgressNotificationService */ = {
			isa = PBXNativeTarget;
			buildConfigurationList = 33076EE42F0B86CE003AA3C1 /* Build configuration list for PBXNativeTarget "PhysiqueProgressNotificationService" */;
			buildPhases = (
				33076ED82F0B86CD003AA3C1 /* Sources */,
				33076ED92F0B86CD003AA3C1 /* Frameworks */,
				33076EDA2F0B86CD003AA3C1 /* Resources */,
			);
			buildRules = (
			);
			dependencies = (
			);
			fileSystemSynchronizedGroups = (
				33076EDD2F0B86CD003AA3C1 /* PhysiqueProgressNotificationService */,
			);
			name = PhysiqueProgressNotificationService;
			packageProductDependencies = (
			);
			productName = PhysiqueProgressNotificationService;
			productReference = 33076EDC2F0B86CD003AA3C1 /* PhysiqueProgressNotificationService.appex */;
			productType = "com.apple.product-type.app-extension";
		};
		33E235032F1AA128003F2ACD /* PhysiqueWidgetExtension */ = {
			isa = PBXNativeTarget;
			buildConfigurationList = 33E235142F1AA129003F2ACD /* Build configuration list for PBXNativeTarget "PhysiqueWidgetExtension" */;
			buildPhases = (
				33E235002F1AA128003F2ACD /* Sources */,
				33E235012F1AA128003F2ACD /* Frameworks */,
				33E235022F1AA128003F2ACD /* Resources */,
			);
			buildRules = (
			);
			dependencies = (
			);
			fileSystemSynchronizedGroups = (
				33E235072F1AA128003F2ACD /* PhysiqueWidget */,
			);
			name = PhysiqueWidgetExtension;
			packageProductDependencies = (
			);
			productName = PhysiqueWidgetExtension;
			productReference = 33E235042F1AA128003F2ACD /* PhysiqueWidgetExtension.appex */;
			productType = "com.apple.product-type.app-extension";
		};
/* End PBXNativeTarget section */

/* Begin PBXProject section */
		33076D312F059069003AA3C1 /* Project object */ = {
			isa = PBXProject;
			attributes = {
				BuildIndependentTargetsInParallel = 1;
				LastSwiftUpdateCheck = 2620;
				LastUpgradeCheck = 1640;
				TargetAttributes = {
					33076D382F059069003AA3C1 = {
						CreatedOnToolsVersion = 16.4;
					};
					33076EDB2F0B86CD003AA3C1 = {
						CreatedOnToolsVersion = 16.4;
					};
					33E235032F1AA128003F2ACD = {
						CreatedOnToolsVersion = 26.2;
					};
				};
			};
			buildConfigurationList = 33076D342F059069003AA3C1 /* Build configuration list for PBXProject "PhysiqueProgress" */;
			developmentRegion = en;
			hasScannedForEncodings = 0;
			knownRegions = (
				en,
				Base,
			);
			mainGroup = 33076D302F059069003AA3C1;
			minimizedProjectReferenceProxies = 1;
			packageReferences = (
				33076D602F05D583003AA3C1 /* XCRemoteSwiftPackageReference "firebase-ios-sdk" */,
			);
			preferredProjectObjectVersion = 77;
			productRefGroup = 33076D3A2F059069003AA3C1 /* Products */;
			projectDirPath = "";
			projectRoot = "";
			targets = (
				33076D382F059069003AA3C1 /* PhysiqueProgress */,
				33076EDB2F0B86CD003AA3C1 /* PhysiqueProgressNotificationService */,
				33E235032F1AA128003F2ACD /* PhysiqueWidgetExtension */,
			);
		};
/* End PBXProject section */

/* Begin PBXResourcesBuildPhase section */
		33076D372F059069003AA3C1 /* Resources */ = {
			isa = PBXResourcesBuildPhase;
			buildActionMask = 2147483647;
			files = (
			);
			runOnlyForDeploymentPostprocessing = 0;
		};
		33076EDA2F0B86CD003AA3C1 /* Resources */ = {
			isa = PBXResourcesBuildPhase;
			buildActionMask = 2147483647;
			files = (
			);
			runOnlyForDeploymentPostprocessing = 0;
		};
		33E235022F1AA128003F2ACD /* Resources */ = {
			isa = PBXResourcesBuildPhase;
			buildActionMask = 2147483647;
			files = (
			);
			runOnlyForDeploymentPostprocessing = 0;
		};
/* End PBXResourcesBuildPhase section */

/* Begin PBXSourcesBuildPhase section */
		33076D352F059069003AA3C1 /* Sources */ = {
			isa = PBXSourcesBuildPhase;
			buildActionMask = 2147483647;
			files = (
			);
			runOnlyForDeploymentPostprocessing = 0;
		};
		33076ED82F0B86CD003AA3C1 /* Sources */ = {
			isa = PBXSourcesBuildPhase;
			buildActionMask = 2147483647;
			files = (
			);
			runOnlyForDeploymentPostprocessing = 0;
		};
		33E235002F1AA128003F2ACD /* Sources */ = {
			isa = PBXSourcesBuildPhase;
			buildActionMask = 2147483647;
			files = (
			);
			runOnlyForDeploymentPostprocessing = 0;
		};
/* End PBXSourcesBuildPhase section */

/* Begin PBXTargetDependency section */
		33076EE22F0B86CD003AA3C1 /* PBXTargetDependency */ = {
			isa = PBXTargetDependency;
			target = 33076EDB2F0B86CD003AA3C1 /* PhysiqueProgressNotificationService */;
			targetProxy = 33076EE12F0B86CD003AA3C1 /* PBXContainerItemProxy */;
		};
		33E235122F1AA129003F2ACD /* PBXTargetDependency */ = {
			isa = PBXTargetDependency;
			target = 33E235032F1AA128003F2ACD /* PhysiqueWidgetExtension */;
			targetProxy = 33E235112F1AA129003F2ACD /* PBXContainerItemProxy */;
		};
/* End PBXTargetDependency section */

/* Begin XCBuildConfiguration section */
		33076D4D2F05906A003AA3C1 /* Debug */ = {
			isa = XCBuildConfiguration;
			buildSettings = {
				ASSETCATALOG_COMPILER_APPICON_NAME = AppIcon;
				ASSETCATALOG_COMPILER_GLOBAL_ACCENT_COLOR_NAME = AccentColor;
				CODE_SIGN_ENTITLEMENTS = PhysiqueProgress/PhysiqueProgress.entitlements;
				CODE_SIGN_STYLE = Automatic;
				CURRENT_PROJECT_VERSION = 1;
				DEVELOPMENT_TEAM = LZRFT54CXM;
				GENERATE_INFOPLIST_FILE = YES;
				INFOPLIST_FILE = PhysiqueProgress/Info.plist;
				INFOPLIST_KEY_NSCameraUsageDescription = "We use the camera to capture your physique progress";
				INFOPLIST_KEY_NSPhotoLibraryAddUsageDescription = "PhysiqueProgress saves analysis images for debugging and progress comparison";
				INFOPLIST_KEY_UIApplicationSupportsIndirectInputEvents = YES;
				INFOPLIST_KEY_UILaunchStoryboardName = LaunchScreen;
				INFOPLIST_KEY_UIMainStoryboardFile = Main;
				INFOPLIST_KEY_UISupportedInterfaceOrientations_iPad = "UIInterfaceOrientationPortrait UIInterfaceOrientationPortraitUpsideDown UIInterfaceOrientationLandscapeLeft UIInterfaceOrientationLandscapeRight";
				INFOPLIST_KEY_UISupportedInterfaceOrientations_iPhone = "UIInterfaceOrientationPortrait UIInterfaceOrientationLandscapeLeft UIInterfaceOrientationLandscapeRight";
				IPHONEOS_DEPLOYMENT_TARGET = 15.6;
				LD_RUNPATH_SEARCH_PATHS = (
					"$(inherited)",
					"@executable_path/Frameworks",
				);
				MARKETING_VERSION = 1.0;
				PRODUCT_BUNDLE_IDENTIFIER = com.apertix.PhysiqueProgress;
				PRODUCT_NAME = "$(TARGET_NAME)";
				SWIFT_EMIT_LOC_STRINGS = YES;
				SWIFT_VERSION = 5.0;
				TARGETED_DEVICE_FAMILY = "1,2";
			};
			name = Debug;
		};
		33076D4E2F05906A003AA3C1 /* Release */ = {
			isa = XCBuildConfiguration;
			buildSettings = {
				ASSETCATALOG_COMPILER_APPICON_NAME = AppIcon;
				ASSETCATALOG_COMPILER_GLOBAL_ACCENT_COLOR_NAME = AccentColor;
				CODE_SIGN_ENTITLEMENTS = PhysiqueProgress/PhysiqueProgress.entitlements;
				CODE_SIGN_STYLE = Automatic;
				CURRENT_PROJECT_VERSION = 1;
				DEVELOPMENT_TEAM = LZRFT54CXM;
				GENERATE_INFOPLIST_FILE = YES;
				INFOPLIST_FILE = PhysiqueProgress/Info.plist;
				INFOPLIST_KEY_NSCameraUsageDescription = "We use the camera to capture your physique progress";
				INFOPLIST_KEY_NSPhotoLibraryAddUsageDescription = "PhysiqueProgress saves analysis images for debugging and progress comparison";
				INFOPLIST_KEY_UIApplicationSupportsIndirectInputEvents = YES;
				INFOPLIST_KEY_UILaunchStoryboardName = LaunchScreen;
				INFOPLIST_KEY_UIMainStoryboardFile = Main;
				INFOPLIST_KEY_UISupportedInterfaceOrientations_iPad = "UIInterfaceOrientationPortrait UIInterfaceOrientationPortraitUpsideDown UIInterfaceOrientationLandscapeLeft UIInterfaceOrientationLandscapeRight";
				INFOPLIST_KEY_UISupportedInterfaceOrientations_iPhone = "UIInterfaceOrientationPortrait UIInterfaceOrientationLandscapeLeft UIInterfaceOrientationLandscapeRight";
				IPHONEOS_DEPLOYMENT_TARGET = 15.6;
				LD_RUNPATH_SEARCH_PATHS = (
					"$(inherited)",
					"@executable_path/Frameworks",
				);
				MARKETING_VERSION = 1.0;
				PRODUCT_BUNDLE_IDENTIFIER = com.apertix.PhysiqueProgress;
				PRODUCT_NAME = "$(TARGET_NAME)";
				SWIFT_EMIT_LOC_STRINGS = YES;
				SWIFT_VERSION = 5.0;
				TARGETED_DEVICE_FAMILY = "1,2";
			};
			name = Release;
		};
		33076D4F2F05906A003AA3C1 /* Debug */ = {
			isa = XCBuildConfiguration;
			buildSettings = {
				ALWAYS_SEARCH_USER_PATHS = NO;
				ASSETCATALOG_COMPILER_GENERATE_SWIFT_ASSET_SYMBOL_EXTENSIONS = YES;
				CLANG_ANALYZER_NONNULL = YES;
				CLANG_ANALYZER_NUMBER_OBJECT_CONVERSION = YES_AGGRESSIVE;
				CLANG_CXX_LANGUAGE_STANDARD = "gnu++20";
				CLANG_ENABLE_MODULES = YES;
				CLANG_ENABLE_OBJC_ARC = YES;
				CLANG_ENABLE_OBJC_WEAK = YES;
				CLANG_WARN_BLOCK_CAPTURE_AUTORELEASING = YES;
				CLANG_WARN_BOOL_CONVERSION = YES;
				CLANG_WARN_COMMA = YES;
				CLANG_WARN_CONSTANT_CONVERSION = YES;
				CLANG_WARN_DEPRECATED_OBJC_IMPLEMENTATIONS = YES;
				CLANG_WARN_DIRECT_OBJC_ISA_USAGE = YES_ERROR;
				CLANG_WARN_DOCUMENTATION_COMMENTS = YES;
				CLANG_WARN_EMPTY_BODY = YES;
				CLANG_WARN_ENUM_CONVERSION = YES;
				CLANG_WARN_INFINITE_RECURSION = YES;
				CLANG_WARN_INT_CONVERSION = YES;
				CLANG_WARN_NON_LITERAL_NULL_CONVERSION = YES;
				CLANG_WARN_OBJC_IMPLICIT_RETAIN_SELF = YES;
				CLANG_WARN_OBJC_LITERAL_CONVERSION = YES;
				CLANG_WARN_OBJC_ROOT_CLASS = YES_ERROR;
				CLANG_WARN_QUOTED_INCLUDE_IN_FRAMEWORK_HEADER = YES;
				CLANG_WARN_RANGE_LOOP_ANALYSIS = YES;
				CLANG_WARN_STRICT_PROTOTYPES = YES;
				CLANG_WARN_SUSPICIOUS_MOVE = YES;
				CLANG_WARN_UNGUARDED_AVAILABILITY = YES_AGGRESSIVE;
				CLANG_WARN_UNREACHABLE_CODE = YES;
				CLANG_WARN__DUPLICATE_METHOD_MATCH = YES;
				COPY_PHASE_STRIP = NO;
				DEBUG_INFORMATION_FORMAT = dwarf;
				DEVELOPMENT_TEAM = LZRFT54CXM;
				ENABLE_STRICT_OBJC_MSGSEND = YES;
				ENABLE_TESTABILITY = YES;
				ENABLE_USER_SCRIPT_SANDBOXING = YES;
				GCC_C_LANGUAGE_STANDARD = gnu17;
				GCC_DYNAMIC_NO_PIC = NO;
				GCC_NO_COMMON_BLOCKS = YES;
				GCC_OPTIMIZATION_LEVEL = 0;
				GCC_PREPROCESSOR_DEFINITIONS = (
					"DEBUG=1",
					"$(inherited)",
				);
				GCC_WARN_64_TO_32_BIT_CONVERSION = YES;
				GCC_WARN_ABOUT_RETURN_TYPE = YES_ERROR;
				GCC_WARN_UNDECLARED_SELECTOR = YES;
				GCC_WARN_UNINITIALIZED_AUTOS = YES_AGGRESSIVE;
				GCC_WARN_UNUSED_FUNCTION = YES;
				GCC_WARN_UNUSED_VARIABLE = YES;
				IPHONEOS_DEPLOYMENT_TARGET = 18.5;
				LOCALIZATION_PREFERS_STRING_CATALOGS = YES;
				MTL_ENABLE_DEBUG_INFO = INCLUDE_SOURCE;
				MTL_FAST_MATH = YES;
				ONLY_ACTIVE_ARCH = YES;
				SDKROOT = iphoneos;
				SWIFT_ACTIVE_COMPILATION_CONDITIONS = "DEBUG $(inherited)";
				SWIFT_OPTIMIZATION_LEVEL = "-Onone";
			};
			name = Debug;
		};
		33076D502F05906A003AA3C1 /* Release */ = {
			isa = XCBuildConfiguration;
			buildSettings = {
				ALWAYS_SEARCH_USER_PATHS = NO;
				ASSETCATALOG_COMPILER_GENERATE_SWIFT_ASSET_SYMBOL_EXTENSIONS = YES;
				CLANG_ANALYZER_NONNULL = YES;
				CLANG_ANALYZER_NUMBER_OBJECT_CONVERSION = YES_AGGRESSIVE;
				CLANG_CXX_LANGUAGE_STANDARD = "gnu++20";
				CLANG_ENABLE_MODULES = YES;
				CLANG_ENABLE_OBJC_ARC = YES;
				CLANG_ENABLE_OBJC_WEAK = YES;
				CLANG_WARN_BLOCK_CAPTURE_AUTORELEASING = YES;
				CLANG_WARN_BOOL_CONVERSION = YES;
				CLANG_WARN_COMMA = YES;
				CLANG_WARN_CONSTANT_CONVERSION = YES;
				CLANG_WARN_DEPRECATED_OBJC_IMPLEMENTATIONS = YES;
				CLANG_WARN_DIRECT_OBJC_ISA_USAGE = YES_ERROR;
				CLANG_WARN_DOCUMENTATION_COMMENTS = YES;
				CLANG_WARN_EMPTY_BODY = YES;
				CLANG_WARN_ENUM_CONVERSION = YES;
				CLANG_WARN_INFINITE_RECURSION = YES;
				CLANG_WARN_INT_CONVERSION = YES;
				CLANG_WARN_NON_LITERAL_NULL_CONVERSION = YES;
				CLANG_WARN_OBJC_IMPLICIT_RETAIN_SELF = YES;
				CLANG_WARN_OBJC_LITERAL_CONVERSION = YES;
				CLANG_WARN_OBJC_ROOT_CLASS = YES_ERROR;
				CLANG_WARN_QUOTED_INCLUDE_IN_FRAMEWORK_HEADER = YES;
				CLANG_WARN_RANGE_LOOP_ANALYSIS = YES;
				CLANG_WARN_STRICT_PROTOTYPES = YES;
				CLANG_WARN_SUSPICIOUS_MOVE = YES;
				CLANG_WARN_UNGUARDED_AVAILABILITY = YES_AGGRESSIVE;
				CLANG_WARN_UNREACHABLE_CODE = YES;
				CLANG_WARN__DUPLICATE_METHOD_MATCH = YES;
				COPY_PHASE_STRIP = NO;
				DEBUG_INFORMATION_FORMAT = "dwarf-with-dsym";
				DEVELOPMENT_TEAM = LZRFT54CXM;
				ENABLE_NS_ASSERTIONS = NO;
				ENABLE_STRICT_OBJC_MSGSEND = YES;
				ENABLE_USER_SCRIPT_SANDBOXING = YES;
				GCC_C_LANGUAGE_STANDARD = gnu17;
				GCC_NO_COMMON_BLOCKS = YES;
				GCC_WARN_64_TO_32_BIT_CONVERSION = YES;
				GCC_WARN_ABOUT_RETURN_TYPE = YES_ERROR;
				GCC_WARN_UNDECLARED_SELECTOR = YES;
				GCC_WARN_UNINITIALIZED_AUTOS = YES_AGGRESSIVE;
				GCC_WARN_UNUSED_FUNCTION = YES;
				GCC_WARN_UNUSED_VARIABLE = YES;
				IPHONEOS_DEPLOYMENT_TARGET = 18.5;
				LOCALIZATION_PREFERS_STRING_CATALOGS = YES;
				MTL_ENABLE_DEBUG_INFO = NO;
				MTL_FAST_MATH = YES;
				SDKROOT = iphoneos;
				SWIFT_COMPILATION_MODE = wholemodule;
				VALIDATE_PRODUCT = YES;
			};
			name = Release;
		};
		33076EE52F0B86CE003AA3C1 /* Debug */ = {
			isa = XCBuildConfiguration;
			buildSettings = {
				CODE_SIGN_ENTITLEMENTS = PhysiqueProgressNotificationService/PhysiqueProgressNotificationService.entitlements;
				CODE_SIGN_STYLE = Automatic;
				CURRENT_PROJECT_VERSION = 1;
				DEVELOPMENT_TEAM = LZRFT54CXM;
				GENERATE_INFOPLIST_FILE = YES;
				INFOPLIST_FILE = PhysiqueProgressNotificationService/Info.plist;
				INFOPLIST_KEY_CFBundleDisplayName = PhysiqueProgressNotificationService;
				INFOPLIST_KEY_NSHumanReadableCopyright = "";
				LD_RUNPATH_SEARCH_PATHS = (
					"$(inherited)",
					"@executable_path/Frameworks",
					"@executable_path/../../Frameworks",
				);
				MARKETING_VERSION = 1.0;
				PRODUCT_BUNDLE_IDENTIFIER = com.apertix.PhysiqueProgress.PhysiqueProgressNotificationService;
				PRODUCT_NAME = "$(TARGET_NAME)";
				SKIP_INSTALL = YES;
				SWIFT_EMIT_LOC_STRINGS = YES;
				SWIFT_VERSION = 5.0;
				TARGETED_DEVICE_FAMILY = "1,2";
			};
			name = Debug;
		};
		33076EE62F0B86CE003AA3C1 /* Release */ = {
			isa = XCBuildConfiguration;
			buildSettings = {
				CODE_SIGN_ENTITLEMENTS = PhysiqueProgressNotificationService/PhysiqueProgressNotificationService.entitlements;
				CODE_SIGN_STYLE = Automatic;
				CURRENT_PROJECT_VERSION = 1;
				DEVELOPMENT_TEAM = LZRFT54CXM;
				GENERATE_INFOPLIST_FILE = YES;
				INFOPLIST_FILE = PhysiqueProgressNotificationService/Info.plist;
				INFOPLIST_KEY_CFBundleDisplayName = PhysiqueProgressNotificationService;
				INFOPLIST_KEY_NSHumanReadableCopyright = "";
				LD_RUNPATH_SEARCH_PATHS = (
					"$(inherited)",
					"@executable_path/Frameworks",
					"@executable_path/../../Frameworks",
				);
				MARKETING_VERSION = 1.0;
				PRODUCT_BUNDLE_IDENTIFIER = com.apertix.PhysiqueProgress.PhysiqueProgressNotificationService;
				PRODUCT_NAME = "$(TARGET_NAME)";
				SKIP_INSTALL = YES;
				SWIFT_EMIT_LOC_STRINGS = YES;
				SWIFT_VERSION = 5.0;
				TARGETED_DEVICE_FAMILY = "1,2";
			};
			name = Release;
		};
		33E235152F1AA129003F2ACD /* Debug */ = {
			isa = XCBuildConfiguration;
			buildSettings = {
				ASSETCATALOG_COMPILER_GLOBAL_ACCENT_COLOR_NAME = AccentColor;
				ASSETCATALOG_COMPILER_WIDGET_BACKGROUND_COLOR_NAME = WidgetBackground;
				CODE_SIGN_ENTITLEMENTS = PhysiqueWidgetExtension.entitlements;
				CODE_SIGN_STYLE = Automatic;
				CURRENT_PROJECT_VERSION = 1;
				DEVELOPMENT_TEAM = LZRFT54CXM;
				GENERATE_INFOPLIST_FILE = YES;
				INFOPLIST_FILE = PhysiqueWidget/Info.plist;
				INFOPLIST_KEY_CFBundleDisplayName = PhysiqueWidget;
				INFOPLIST_KEY_NSHumanReadableCopyright = "";
				IPHONEOS_DEPLOYMENT_TARGET = 18.6;
				LD_RUNPATH_SEARCH_PATHS = (
					"$(inherited)",
					"@executable_path/Frameworks",
					"@executable_path/../../Frameworks",
				);
				MARKETING_VERSION = 1.0;
				PRODUCT_BUNDLE_IDENTIFIER = com.apertix.PhysiqueProgress.PhysiqueWidget;
				PRODUCT_NAME = "$(TARGET_NAME)";
				SKIP_INSTALL = YES;
				STRING_CATALOG_GENERATE_SYMBOLS = YES;
				SWIFT_APPROACHABLE_CONCURRENCY = YES;
				SWIFT_EMIT_LOC_STRINGS = YES;
				SWIFT_UPCOMING_FEATURE_MEMBER_IMPORT_VISIBILITY = YES;
				SWIFT_VERSION = 5.0;
				TARGETED_DEVICE_FAMILY = "1,2";
			};
			name = Debug;
		};
		33E235162F1AA129003F2ACD /* Release */ = {
			isa = XCBuildConfiguration;
			buildSettings = {
				ASSETCATALOG_COMPILER_GLOBAL_ACCENT_COLOR_NAME = AccentColor;
				ASSETCATALOG_COMPILER_WIDGET_BACKGROUND_COLOR_NAME = WidgetBackground;
				CODE_SIGN_ENTITLEMENTS = PhysiqueWidgetExtension.entitlements;
				CODE_SIGN_STYLE = Automatic;
				CURRENT_PROJECT_VERSION = 1;
				DEVELOPMENT_TEAM = LZRFT54CXM;
				GENERATE_INFOPLIST_FILE = YES;
				INFOPLIST_FILE = PhysiqueWidget/Info.plist;
				INFOPLIST_KEY_CFBundleDisplayName = PhysiqueWidget;
				INFOPLIST_KEY_NSHumanReadableCopyright = "";
				IPHONEOS_DEPLOYMENT_TARGET = 18.6;
				LD_RUNPATH_SEARCH_PATHS = (
					"$(inherited)",
					"@executable_path/Frameworks",
					"@executable_path/../../Frameworks",
				);
				MARKETING_VERSION = 1.0;
				PRODUCT_BUNDLE_IDENTIFIER = com.apertix.PhysiqueProgress.PhysiqueWidget;
				PRODUCT_NAME = "$(TARGET_NAME)";
				SKIP_INSTALL = YES;
				STRING_CATALOG_GENERATE_SYMBOLS = YES;
				SWIFT_APPROACHABLE_CONCURRENCY = YES;
				SWIFT_EMIT_LOC_STRINGS = YES;
				SWIFT_UPCOMING_FEATURE_MEMBER_IMPORT_VISIBILITY = YES;
				SWIFT_VERSION = 5.0;
				TARGETED_DEVICE_FAMILY = "1,2";
			};
			name = Release;
		};
/* End XCBuildConfiguration section */

/* Begin XCConfigurationList section */
		33076D342F059069003AA3C1 /* Build configuration list for PBXProject "PhysiqueProgress" */ = {
			isa = XCConfigurationList;
			buildConfigurations = (
				33076D4F2F05906A003AA3C1 /* Debug */,
				33076D502F05906A003AA3C1 /* Release */,
			);
			defaultConfigurationIsVisible = 0;
			defaultConfigurationName = Release;
		};
		33076D4C2F05906A003AA3C1 /* Build configuration list for PBXNativeTarget "PhysiqueProgress" */ = {
			isa = XCConfigurationList;
			buildConfigurations = (
				33076D4D2F05906A003AA3C1 /* Debug */,
				33076D4E2F05906A003AA3C1 /* Release */,
			);
			defaultConfigurationIsVisible = 0;
			defaultConfigurationName = Release;
		};
		33076EE42F0B86CE003AA3C1 /* Build configuration list for PBXNativeTarget "PhysiqueProgressNotificationService" */ = {
			isa = XCConfigurationList;
			buildConfigurations = (
				33076EE52F0B86CE003AA3C1 /* Debug */,
				33076EE62F0B86CE003AA3C1 /* Release */,
			);
			defaultConfigurationIsVisible = 0;
			defaultConfigurationName = Release;
		};
		33E235142F1AA129003F2ACD /* Build configuration list for PBXNativeTarget "PhysiqueWidgetExtension" */ = {
			isa = XCConfigurationList;
			buildConfigurations = (
				33E235152F1AA129003F2ACD /* Debug */,
				33E235162F1AA129003F2ACD /* Release */,
			);
			defaultConfigurationIsVisible = 0;
			defaultConfigurationName = Release;
		};
/* End XCConfigurationList section */

/* Begin XCRemoteSwiftPackageReference section */
		33076D602F05D583003AA3C1 /* XCRemoteSwiftPackageReference "firebase-ios-sdk" */ = {
			isa = XCRemoteSwiftPackageReference;
			repositoryURL = "https://github.com/firebase/firebase-ios-sdk";
			requirement = {
				kind = upToNextMajorVersion;
				minimumVersion = 12.7.0;
			};
		};
/* End XCRemoteSwiftPackageReference section */

/* Begin XCSwiftPackageProductDependency section */
		33076D612F05D583003AA3C1 /* FirebaseAuth */ = {
			isa = XCSwiftPackageProductDependency;
			package = 33076D602F05D583003AA3C1 /* XCRemoteSwiftPackageReference "firebase-ios-sdk" */;
			productName = FirebaseAuth;
		};
		33076D632F05D583003AA3C1 /* FirebaseFirestore */ = {
			isa = XCSwiftPackageProductDependency;
			package = 33076D602F05D583003AA3C1 /* XCRemoteSwiftPackageReference "firebase-ios-sdk" */;
			productName = FirebaseFirestore;
		};
		33076D652F05D583003AA3C1 /* FirebaseMessaging */ = {
			isa = XCSwiftPackageProductDependency;
			package = 33076D602F05D583003AA3C1 /* XCRemoteSwiftPackageReference "firebase-ios-sdk" */;
			productName = FirebaseMessaging;
		};
		33076EB82F0B4CEA003AA3C1 /* FirebaseAnalytics */ = {
			isa = XCSwiftPackageProductDependency;
			package = 33076D602F05D583003AA3C1 /* XCRemoteSwiftPackageReference "firebase-ios-sdk" */;
			productName = FirebaseAnalytics;
		};
/* End XCSwiftPackageProductDependency section */
	};
	rootObject = 33076D312F059069003AA3C1 /* Project object */;
}
